{
  "nodes": {
    "gitignore": {
      "inputs": {
        "nixpkgs": [
          "zls",
          "nixpkgs"
        ]
      },
      "locked": {
        "lastModified": 1709087332,
        "narHash": "sha256-HG2cCnktfHsKV0s4XW83gU3F57gaTljL9KNSuG6bnQs=",
        "owner": "hercules-ci",
        "repo": "gitignore.nix",
        "rev": "637db329424fd7e46cf4185293b9cc8c88c95394",
        "type": "github"
      },
      "original": {
        "owner": "hercules-ci",
        "repo": "gitignore.nix",
        "type": "github"
      }
    },
    "nixpkgs": {
      "locked": {
        "lastModified": 1755736253,
        "narHash": "sha256-jlIQRypNhB1PcB1BE+expE4xZeJxzoAGr1iUbHQta8s=",
        "owner": "NixOS",
        "repo": "nixpkgs",
        "rev": "596312aae91421d6923f18cecce934a7d3bfd6b8",
        "type": "github"
      },
      "original": {
        "id": "nixpkgs",
        "type": "indirect"
      }
    },
    "root": {
      "inputs": {
        "nixpkgs": "nixpkgs",
        "zig": "zig",
        "zls": "zls"
      }
    },
    "zig": {
      "inputs": {
        "nixpkgs": [
          "nixpkgs"
        ]
      },
      "locked": {
        "lastModified": 1755884628,
        "narHash": "sha256-vxSFzmJGM63pPg8RvxRw0SWgtF/tDBzStGvshx1/Xqs=",
        "owner": "silversquirl",
        "repo": "zig-flake",
        "rev": "c90615c076fd83c29b286c4fde7d1cbe8d1ee07c",
        "type": "github"
      },
      "original": {
        "owner": "silversquirl",
        "repo": "zig-flake",
        "type": "github"
      }
    },
    "zls": {
      "inputs": {
        "gitignore": "gitignore",
        "nixpkgs": [
          "nixpkgs"
        ],
        "zig": [
          "zig"
        ]
      },
      "locked": {
        "lastModified": 1755883992,
        "narHash": "sha256-dNDkCt3O7HI83W/Bio4i7NvulLB6Ct7TMI6adVS0JVk=",
        "owner": "zigtools",
        "repo": "zls",
        "rev": "9272d3d2dc9ad068ce1b728dc9a25e3a3c390c91",
        "type": "github"
      },
      "original": {
        "owner": "zigtools",
        "ref": "pull/2457/head",
        "repo": "zls",
        "type": "github"
      }
    }
  },
  "root": "root",
  "version": 7
}
